
Microsoft Visual Studio Solution File, Format Version 12.00
# Visual Studio Version 17
Project("{8BC9CEB8-8B4A-11D0-8D11-00A0C91BC942}") = "ALL_BUILD", "ALL_BUILD.vcxproj", "{06331977-1F16-33E6-A246-9E3B8FC25CEE}"
	ProjectSection(ProjectDependencies) = postProject
		{C564F01B-FB3C-3A98-A09B-344AED41EF7F} = {C564F01B-FB3C-3A98-A09B-344AED41EF7F}
		{35D31C5E-E1BE-3876-A2FC-7E6C0DA6BB90} = {35D31C5E-E1BE-3876-A2FC-7E6C0DA6BB90}
		{85E7CB58-AD1B-309D-B81E-376A1E2C7A05} = {85E7CB58-AD1B-309D-B81E-376A1E2C7A05}
	EndProjectSection
EndProject
Project("{8BC9CEB8-8B4A-11D0-8D11-00A0C91BC942}") = "INSTALL", "INSTALL.vcxproj", "{30872E9E-EB50-3CB8-80CE-8400B2272BCB}"
	ProjectSection(ProjectDependencies) = postProject
		{06331977-1F16-33E6-A246-9E3B8FC25CEE} = {06331977-1F16-33E6-A246-9E3B8FC25CEE}
		{C564F01B-FB3C-3A98-A09B-344AED41EF7F} = {C564F01B-FB3C-3A98-A09B-344AED41EF7F}
	EndProjectSection
EndProject
Project("{8BC9CEB8-8B4A-11D0-8D11-00A0C91BC942}") = "QtNodeEditor", "..\QtNodeEditor\QtNodeEditor.vcxproj", "{82818879-AAF2-31AA-84D2-7485F4D8F515}"
	ProjectSection(ProjectDependencies) = postProject
		{C564F01B-FB3C-3A98-A09B-344AED41EF7F} = {C564F01B-FB3C-3A98-A09B-344AED41EF7F}
	EndProjectSection
EndProject
Project("{8BC9CEB8-8B4A-11D0-8D11-00A0C91BC942}") = "ZERO_CHECK", "..\\ZERO_CHECK.vcxproj", "{C564F01B-FB3C-3A98-A09B-344AED41EF7F}"
	ProjectSection(ProjectDependencies) = postProject
	EndProjectSection
EndProject
Project("{8BC9CEB8-8B4A-11D0-8D11-00A0C91BC942}") = "behavior_tree_editor", "..\\behavior_tree_editor.vcxproj", "{3B3B4336-298B-362B-912C-A214B82E20B2}"
	ProjectSection(ProjectDependencies) = postProject
		{82818879-AAF2-31AA-84D2-7485F4D8F515} = {82818879-AAF2-31AA-84D2-7485F4D8F515}
		{C564F01B-FB3C-3A98-A09B-344AED41EF7F} = {C564F01B-FB3C-3A98-A09B-344AED41EF7F}
		{55355679-0D2E-33DE-BE46-E8B6A65B80ED} = {55355679-0D2E-33DE-BE46-E8B6A65B80ED}
	EndProjectSection
EndProject
Project("{8BC9CEB8-8B4A-11D0-8D11-00A0C91BC942}") = "behaviortree_cpp_v3", "..\depend\BehaviorTree.CPP\behaviortree_cpp_v3.vcxproj", "{55355679-0D2E-33DE-BE46-E8B6A65B80ED}"
	ProjectSection(ProjectDependencies) = postProject
		{C564F01B-FB3C-3A98-A09B-344AED41EF7F} = {C564F01B-FB3C-3A98-A09B-344AED41EF7F}
	EndProjectSection
EndProject
Project("{8BC9CEB8-8B4A-11D0-8D11-00A0C91BC942}") = "editor_test", "editor_test.vcxproj", "{35D31C5E-E1BE-3876-A2FC-7E6C0DA6BB90}"
	ProjectSection(ProjectDependencies) = postProject
		{82818879-AAF2-31AA-84D2-7485F4D8F515} = {82818879-AAF2-31AA-84D2-7485F4D8F515}
		{C564F01B-FB3C-3A98-A09B-344AED41EF7F} = {C564F01B-FB3C-3A98-A09B-344AED41EF7F}
		{3B3B4336-298B-362B-912C-A214B82E20B2} = {3B3B4336-298B-362B-912C-A214B82E20B2}
		{55355679-0D2E-33DE-BE46-E8B6A65B80ED} = {55355679-0D2E-33DE-BE46-E8B6A65B80ED}
	EndProjectSection
EndProject
Project("{8BC9CEB8-8B4A-11D0-8D11-00A0C91BC942}") = "replay_test", "replay_test.vcxproj", "{85E7CB58-AD1B-309D-B81E-376A1E2C7A05}"
	ProjectSection(ProjectDependencies) = postProject
		{82818879-AAF2-31AA-84D2-7485F4D8F515} = {82818879-AAF2-31AA-84D2-7485F4D8F515}
		{C564F01B-FB3C-3A98-A09B-344AED41EF7F} = {C564F01B-FB3C-3A98-A09B-344AED41EF7F}
		{3B3B4336-298B-362B-912C-A214B82E20B2} = {3B3B4336-298B-362B-912C-A214B82E20B2}
		{55355679-0D2E-33DE-BE46-E8B6A65B80ED} = {55355679-0D2E-33DE-BE46-E8B6A65B80ED}
	EndProjectSection
EndProject
Global
	GlobalSection(SolutionConfigurationPlatforms) = preSolution
		Debug|x64 = Debug|x64
		Release|x64 = Release|x64
	EndGlobalSection
	GlobalSection(ProjectConfigurationPlatforms) = postSolution
		{06331977-1F16-33E6-A246-9E3B8FC25CEE}.Debug|x64.ActiveCfg = Debug|x64
		{06331977-1F16-33E6-A246-9E3B8FC25CEE}.Debug|x64.Build.0 = Debug|x64
		{06331977-1F16-33E6-A246-9E3B8FC25CEE}.Release|x64.ActiveCfg = Release|x64
		{06331977-1F16-33E6-A246-9E3B8FC25CEE}.Release|x64.Build.0 = Release|x64
		{30872E9E-EB50-3CB8-80CE-8400B2272BCB}.Debug|x64.ActiveCfg = Debug|x64
		{30872E9E-EB50-3CB8-80CE-8400B2272BCB}.Release|x64.ActiveCfg = Release|x64
		{82818879-AAF2-31AA-84D2-7485F4D8F515}.Debug|x64.ActiveCfg = Debug|x64
		{82818879-AAF2-31AA-84D2-7485F4D8F515}.Debug|x64.Build.0 = Debug|x64
		{82818879-AAF2-31AA-84D2-7485F4D8F515}.Release|x64.ActiveCfg = Release|x64
		{82818879-AAF2-31AA-84D2-7485F4D8F515}.Release|x64.Build.0 = Release|x64
		{C564F01B-FB3C-3A98-A09B-344AED41EF7F}.Debug|x64.ActiveCfg = Debug|x64
		{C564F01B-FB3C-3A98-A09B-344AED41EF7F}.Debug|x64.Build.0 = Debug|x64
		{C564F01B-FB3C-3A98-A09B-344AED41EF7F}.Release|x64.ActiveCfg = Release|x64
		{C564F01B-FB3C-3A98-A09B-344AED41EF7F}.Release|x64.Build.0 = Release|x64
		{3B3B4336-298B-362B-912C-A214B82E20B2}.Debug|x64.ActiveCfg = Debug|x64
		{3B3B4336-298B-362B-912C-A214B82E20B2}.Debug|x64.Build.0 = Debug|x64
		{3B3B4336-298B-362B-912C-A214B82E20B2}.Release|x64.ActiveCfg = Release|x64
		{3B3B4336-298B-362B-912C-A214B82E20B2}.Release|x64.Build.0 = Release|x64
		{55355679-0D2E-33DE-BE46-E8B6A65B80ED}.Debug|x64.ActiveCfg = Debug|x64
		{55355679-0D2E-33DE-BE46-E8B6A65B80ED}.Debug|x64.Build.0 = Debug|x64
		{55355679-0D2E-33DE-BE46-E8B6A65B80ED}.Release|x64.ActiveCfg = Release|x64
		{55355679-0D2E-33DE-BE46-E8B6A65B80ED}.Release|x64.Build.0 = Release|x64
		{35D31C5E-E1BE-3876-A2FC-7E6C0DA6BB90}.Debug|x64.ActiveCfg = Debug|x64
		{35D31C5E-E1BE-3876-A2FC-7E6C0DA6BB90}.Debug|x64.Build.0 = Debug|x64
		{35D31C5E-E1BE-3876-A2FC-7E6C0DA6BB90}.Release|x64.ActiveCfg = Release|x64
		{35D31C5E-E1BE-3876-A2FC-7E6C0DA6BB90}.Release|x64.Build.0 = Release|x64
		{85E7CB58-AD1B-309D-B81E-376A1E2C7A05}.Debug|x64.ActiveCfg = Debug|x64
		{85E7CB58-AD1B-309D-B81E-376A1E2C7A05}.Debug|x64.Build.0 = Debug|x64
		{85E7CB58-AD1B-309D-B81E-376A1E2C7A05}.Release|x64.ActiveCfg = Release|x64
		{85E7CB58-AD1B-309D-B81E-376A1E2C7A05}.Release|x64.Build.0 = Release|x64
	EndGlobalSection
	GlobalSection(ExtensibilityGlobals) = postSolution
		SolutionGuid = {4C0629AB-2495-3581-B932-4EC32479F375}
	EndGlobalSection
	GlobalSection(ExtensibilityAddIns) = postSolution
	EndGlobalSection
EndGlobal
