<?xml version="1.0" encoding="utf-8"?>
<Project ToolsVersion="17.0" xmlns="http://schemas.microsoft.com/developer/msbuild/2003">
  <ItemGroup>
    <ClCompile Include="$(SolutionDir)..\msvc\test\replay_test_autogen\mocs_compilation_Debug.cpp">
      <Filter>Source Files</Filter>
    </ClCompile>
    <ClCompile Include="$(SolutionDir)..\test\replay_test.cpp">
      <Filter>Source Files</Filter>
    </ClCompile>
    <ClCompile Include="$(SolutionDir)..\test\groot_test_base.cpp">
      <Filter>Source Files</Filter>
    </ClCompile>
    <ClCompile Include="$(SolutionDir)..\msvc\test\replay_test_autogen\EB4OVBCXLB\qrc_resources.cpp">
      <Filter>Source Files</Filter>
    </ClCompile>
    <ClCompile Include="$(SolutionDir)..\msvc\test\replay_test_autogen\K3L5NHU5SO\qrc_icons.cpp">
      <Filter>Source Files</Filter>
    </ClCompile>
    <ClCompile Include="$(SolutionDir)..\msvc\test\replay_test_autogen\K3L5NHU5SO\qrc_style.cpp">
      <Filter>Source Files</Filter>
    </ClCompile>
    <ClCompile Include="$(SolutionDir)..\msvc\test\replay_test_autogen\4L4FNCFPKD\qrc_test_files.cpp">
      <Filter>Source Files</Filter>
    </ClCompile>
    <ClCompile Include="$(SolutionDir)..\msvc\test\replay_test_autogen\mocs_compilation_Release.cpp">
      <Filter>Source Files</Filter>
    </ClCompile>
  </ItemGroup>
  <ItemGroup>
    <CustomBuild Include="$(SolutionDir)..\msvc\CMakeFiles\d0667ac878f8965f5bda118285983a1c\qrc_resources.cpp.rule">
      <Filter>CMake Rules</Filter>
    </CustomBuild>
    <CustomBuild Include="$(SolutionDir)..\msvc\CMakeFiles\8bbe80bfd71813af8f286f7a1f8977e6\qrc_icons.cpp.rule">
      <Filter>CMake Rules</Filter>
    </CustomBuild>
    <CustomBuild Include="$(SolutionDir)..\msvc\CMakeFiles\8bbe80bfd71813af8f286f7a1f8977e6\qrc_style.cpp.rule">
      <Filter>CMake Rules</Filter>
    </CustomBuild>
    <CustomBuild Include="$(SolutionDir)..\msvc\CMakeFiles\f61aae56718897429ce5b31e1bbab0ca\qrc_test_files.cpp.rule">
      <Filter>CMake Rules</Filter>
    </CustomBuild>
    <CustomBuild Include="$(SolutionDir)..\test\CMakeLists.txt" />
  </ItemGroup>
  <ItemGroup>
    <None Include="$(SolutionDir)..\QtNodeEditor\resources\resources.qrc" />
    <None Include="$(SolutionDir)..\bt_editor\resources\icons.qrc" />
    <None Include="$(SolutionDir)..\bt_editor\resources\style.qrc" />
    <None Include="$(SolutionDir)..\test_data\test_files.qrc" />
  </ItemGroup>
  <ItemGroup>
    <Filter Include="CMake Rules">
      <UniqueIdentifier>{C188FF0D-83E1-34F5-AF02-A1E16F0416AE}</UniqueIdentifier>
    </Filter>
    <Filter Include="Source Files">
      <UniqueIdentifier>{ADE526AF-D711-3B23-92B5-9A0409381F75}</UniqueIdentifier>
    </Filter>
  </ItemGroup>
</Project>
