<?xml version="1.0" encoding="utf-8"?>
<Project ToolsVersion="17.0" xmlns="http://schemas.microsoft.com/developer/msbuild/2003">
  <ItemGroup>
    <ClCompile Include="$(SolutionDir)..\msvc\depend\BehaviorTree.CPP\behaviortree_cpp_v3_autogen\mocs_compilation_Debug.cpp">
      <Filter>Source Files</Filter>
    </ClCompile>
    <ClCompile Include="$(SolutionDir)..\depend\BehaviorTree.CPP\src\loggers\bt_zmq_publisher.cpp">
      <Filter>Source Files</Filter>
    </ClCompile>
    <ClCompile Include="$(SolutionDir)..\depend\BehaviorTree.CPP\src\action_node.cpp">
      <Filter>Source Files</Filter>
    </ClCompile>
    <ClCompile Include="$(SolutionDir)..\depend\BehaviorTree.CPP\src\basic_types.cpp">
      <Filter>Source Files</Filter>
    </ClCompile>
    <ClCompile Include="$(SolutionDir)..\depend\BehaviorTree.CPP\src\behavior_tree.cpp">
      <Filter>Source Files</Filter>
    </ClCompile>
    <ClCompile Include="$(SolutionDir)..\depend\BehaviorTree.CPP\src\blackboard.cpp">
      <Filter>Source Files</Filter>
    </ClCompile>
    <ClCompile Include="$(SolutionDir)..\depend\BehaviorTree.CPP\src\bt_factory.cpp">
      <Filter>Source Files</Filter>
    </ClCompile>
    <ClCompile Include="$(SolutionDir)..\depend\BehaviorTree.CPP\src\decorator_node.cpp">
      <Filter>Source Files</Filter>
    </ClCompile>
    <ClCompile Include="$(SolutionDir)..\depend\BehaviorTree.CPP\src\condition_node.cpp">
      <Filter>Source Files</Filter>
    </ClCompile>
    <ClCompile Include="$(SolutionDir)..\depend\BehaviorTree.CPP\src\control_node.cpp">
      <Filter>Source Files</Filter>
    </ClCompile>
    <ClCompile Include="$(SolutionDir)..\depend\BehaviorTree.CPP\src\shared_library.cpp">
      <Filter>Source Files</Filter>
    </ClCompile>
    <ClCompile Include="$(SolutionDir)..\depend\BehaviorTree.CPP\src\tree_node.cpp">
      <Filter>Source Files</Filter>
    </ClCompile>
    <ClCompile Include="$(SolutionDir)..\depend\BehaviorTree.CPP\src\xml_parsing.cpp">
      <Filter>Source Files</Filter>
    </ClCompile>
    <ClCompile Include="$(SolutionDir)..\depend\BehaviorTree.CPP\src\decorators\inverter_node.cpp">
      <Filter>Source Files</Filter>
    </ClCompile>
    <ClCompile Include="$(SolutionDir)..\depend\BehaviorTree.CPP\src\decorators\repeat_node.cpp">
      <Filter>Source Files</Filter>
    </ClCompile>
    <ClCompile Include="$(SolutionDir)..\depend\BehaviorTree.CPP\src\decorators\retry_node.cpp">
      <Filter>Source Files</Filter>
    </ClCompile>
    <ClCompile Include="$(SolutionDir)..\depend\BehaviorTree.CPP\src\decorators\subtree_node.cpp">
      <Filter>Source Files</Filter>
    </ClCompile>
    <ClCompile Include="$(SolutionDir)..\depend\BehaviorTree.CPP\src\decorators\delay_node.cpp">
      <Filter>Source Files</Filter>
    </ClCompile>
    <ClCompile Include="$(SolutionDir)..\depend\BehaviorTree.CPP\src\controls\if_then_else_node.cpp">
      <Filter>Source Files</Filter>
    </ClCompile>
    <ClCompile Include="$(SolutionDir)..\depend\BehaviorTree.CPP\src\controls\fallback_node.cpp">
      <Filter>Source Files</Filter>
    </ClCompile>
    <ClCompile Include="$(SolutionDir)..\depend\BehaviorTree.CPP\src\controls\parallel_node.cpp">
      <Filter>Source Files</Filter>
    </ClCompile>
    <ClCompile Include="$(SolutionDir)..\depend\BehaviorTree.CPP\src\controls\reactive_sequence.cpp">
      <Filter>Source Files</Filter>
    </ClCompile>
    <ClCompile Include="$(SolutionDir)..\depend\BehaviorTree.CPP\src\controls\reactive_fallback.cpp">
      <Filter>Source Files</Filter>
    </ClCompile>
    <ClCompile Include="$(SolutionDir)..\depend\BehaviorTree.CPP\src\controls\sequence_node.cpp">
      <Filter>Source Files</Filter>
    </ClCompile>
    <ClCompile Include="$(SolutionDir)..\depend\BehaviorTree.CPP\src\controls\sequence_star_node.cpp">
      <Filter>Source Files</Filter>
    </ClCompile>
    <ClCompile Include="$(SolutionDir)..\depend\BehaviorTree.CPP\src\controls\switch_node.cpp">
      <Filter>Source Files</Filter>
    </ClCompile>
    <ClCompile Include="$(SolutionDir)..\depend\BehaviorTree.CPP\src\controls\while_do_else_node.cpp">
      <Filter>Source Files</Filter>
    </ClCompile>
    <ClCompile Include="$(SolutionDir)..\depend\BehaviorTree.CPP\src\loggers\bt_cout_logger.cpp">
      <Filter>Source Files</Filter>
    </ClCompile>
    <ClCompile Include="$(SolutionDir)..\depend\BehaviorTree.CPP\src\loggers\bt_file_logger.cpp">
      <Filter>Source Files</Filter>
    </ClCompile>
    <ClCompile Include="$(SolutionDir)..\depend\BehaviorTree.CPP\src\loggers\bt_minitrace_logger.cpp">
      <Filter>Source Files</Filter>
    </ClCompile>
    <ClCompile Include="$(SolutionDir)..\depend\BehaviorTree.CPP\3rdparty\tinyxml2\tinyxml2.cpp">
      <Filter>Source Files</Filter>
    </ClCompile>
    <ClCompile Include="$(SolutionDir)..\depend\BehaviorTree.CPP\3rdparty\minitrace\minitrace.cpp">
      <Filter>Source Files</Filter>
    </ClCompile>
    <ClCompile Include="$(SolutionDir)..\depend\BehaviorTree.CPP\src\shared_library_WIN.cpp">
      <Filter>Source Files</Filter>
    </ClCompile>
    <ClCompile Include="$(SolutionDir)..\msvc\depend\BehaviorTree.CPP\behaviortree_cpp_v3_autogen\mocs_compilation_Release.cpp">
      <Filter>Source Files</Filter>
    </ClCompile>
  </ItemGroup>
  <ItemGroup>
    <Filter Include="Source Files">
      <UniqueIdentifier>{ADE526AF-D711-3B23-92B5-9A0409381F75}</UniqueIdentifier>
    </Filter>
  </ItemGroup>
</Project>