
Microsoft Visual Studio Solution File, Format Version 12.00
# Visual Studio Version 17
Project("{8BC9CEB8-8B4A-11D0-8D11-00A0C91BC942}") = "ALL_BUILD", "ALL_BUILD.vcxproj", "{06331977-1F16-33E6-A246-9E3B8FC25CEE}"
	ProjectSection(ProjectDependencies) = postProject
		{C564F01B-FB3C-3A98-A09B-344AED41EF7F} = {C564F01B-FB3C-3A98-A09B-344AED41EF7F}
		{55355679-0D2E-33DE-BE46-E8B6A65B80ED} = {55355679-0D2E-33DE-BE46-E8B6A65B80ED}
		{B8536AD5-0564-3E23-BF2B-09948F64B4DE} = {B8536AD5-0564-3E23-BF2B-09948F64B4DE}
		{0B2D1738-FCEA-35EA-A342-CE044F47BF9E} = {0B2D1738-FCEA-35EA-A342-CE044F47BF9E}
		{65BBB758-86A3-31AD-8A32-EB5F9FDA4989} = {65BBB758-86A3-31AD-8A32-EB5F9FDA4989}
		{6D4A9A2F-8C7A-3B33-8D2C-7AFE44D2E4DB} = {6D4A9A2F-8C7A-3B33-8D2C-7AFE44D2E4DB}
		{E46A134E-CE90-3C57-A235-E2CACFDD0BF8} = {E46A134E-CE90-3C57-A235-E2CACFDD0BF8}
		{ECB2F0EF-69E0-3306-A71A-1DCE92BC4843} = {ECB2F0EF-69E0-3306-A71A-1DCE92BC4843}
		{1F43CA72-5687-3C1D-999F-32C8D8D0B7EA} = {1F43CA72-5687-3C1D-999F-32C8D8D0B7EA}
	EndProjectSection
EndProject
Project("{8BC9CEB8-8B4A-11D0-8D11-00A0C91BC942}") = "INSTALL", "INSTALL.vcxproj", "{30872E9E-EB50-3CB8-80CE-8400B2272BCB}"
	ProjectSection(ProjectDependencies) = postProject
		{06331977-1F16-33E6-A246-9E3B8FC25CEE} = {06331977-1F16-33E6-A246-9E3B8FC25CEE}
		{C564F01B-FB3C-3A98-A09B-344AED41EF7F} = {C564F01B-FB3C-3A98-A09B-344AED41EF7F}
	EndProjectSection
EndProject
Project("{8BC9CEB8-8B4A-11D0-8D11-00A0C91BC942}") = "ZERO_CHECK", "..\..\\ZERO_CHECK.vcxproj", "{C564F01B-FB3C-3A98-A09B-344AED41EF7F}"
	ProjectSection(ProjectDependencies) = postProject
	EndProjectSection
EndProject
Project("{8BC9CEB8-8B4A-11D0-8D11-00A0C91BC942}") = "behaviortree_cpp_v3", "behaviortree_cpp_v3.vcxproj", "{55355679-0D2E-33DE-BE46-E8B6A65B80ED}"
	ProjectSection(ProjectDependencies) = postProject
		{C564F01B-FB3C-3A98-A09B-344AED41EF7F} = {C564F01B-FB3C-3A98-A09B-344AED41EF7F}
	EndProjectSection
EndProject
Project("{8BC9CEB8-8B4A-11D0-8D11-00A0C91BC942}") = "bt3_log_cat", "tools\bt3_log_cat.vcxproj", "{B8536AD5-0564-3E23-BF2B-09948F64B4DE}"
	ProjectSection(ProjectDependencies) = postProject
		{C564F01B-FB3C-3A98-A09B-344AED41EF7F} = {C564F01B-FB3C-3A98-A09B-344AED41EF7F}
		{55355679-0D2E-33DE-BE46-E8B6A65B80ED} = {55355679-0D2E-33DE-BE46-E8B6A65B80ED}
	EndProjectSection
EndProject
Project("{8BC9CEB8-8B4A-11D0-8D11-00A0C91BC942}") = "bt3_plugin_manifest", "tools\bt3_plugin_manifest.vcxproj", "{0B2D1738-FCEA-35EA-A342-CE044F47BF9E}"
	ProjectSection(ProjectDependencies) = postProject
		{C564F01B-FB3C-3A98-A09B-344AED41EF7F} = {C564F01B-FB3C-3A98-A09B-344AED41EF7F}
		{55355679-0D2E-33DE-BE46-E8B6A65B80ED} = {55355679-0D2E-33DE-BE46-E8B6A65B80ED}
	EndProjectSection
EndProject
Project("{8BC9CEB8-8B4A-11D0-8D11-00A0C91BC942}") = "bt3_recorder", "tools\bt3_recorder.vcxproj", "{65BBB758-86A3-31AD-8A32-EB5F9FDA4989}"
	ProjectSection(ProjectDependencies) = postProject
		{C564F01B-FB3C-3A98-A09B-344AED41EF7F} = {C564F01B-FB3C-3A98-A09B-344AED41EF7F}
		{55355679-0D2E-33DE-BE46-E8B6A65B80ED} = {55355679-0D2E-33DE-BE46-E8B6A65B80ED}
	EndProjectSection
EndProject
Project("{8BC9CEB8-8B4A-11D0-8D11-00A0C91BC942}") = "bt_sample_nodes", "sample_nodes\bt_sample_nodes.vcxproj", "{6D4A9A2F-8C7A-3B33-8D2C-7AFE44D2E4DB}"
	ProjectSection(ProjectDependencies) = postProject
		{C564F01B-FB3C-3A98-A09B-344AED41EF7F} = {C564F01B-FB3C-3A98-A09B-344AED41EF7F}
		{55355679-0D2E-33DE-BE46-E8B6A65B80ED} = {55355679-0D2E-33DE-BE46-E8B6A65B80ED}
	EndProjectSection
EndProject
Project("{8BC9CEB8-8B4A-11D0-8D11-00A0C91BC942}") = "crossdoor_nodes_dyn", "sample_nodes\crossdoor_nodes_dyn.vcxproj", "{E46A134E-CE90-3C57-A235-E2CACFDD0BF8}"
	ProjectSection(ProjectDependencies) = postProject
		{C564F01B-FB3C-3A98-A09B-344AED41EF7F} = {C564F01B-FB3C-3A98-A09B-344AED41EF7F}
		{55355679-0D2E-33DE-BE46-E8B6A65B80ED} = {55355679-0D2E-33DE-BE46-E8B6A65B80ED}
	EndProjectSection
EndProject
Project("{8BC9CEB8-8B4A-11D0-8D11-00A0C91BC942}") = "dummy_nodes_dyn", "sample_nodes\dummy_nodes_dyn.vcxproj", "{ECB2F0EF-69E0-3306-A71A-1DCE92BC4843}"
	ProjectSection(ProjectDependencies) = postProject
		{C564F01B-FB3C-3A98-A09B-344AED41EF7F} = {C564F01B-FB3C-3A98-A09B-344AED41EF7F}
		{55355679-0D2E-33DE-BE46-E8B6A65B80ED} = {55355679-0D2E-33DE-BE46-E8B6A65B80ED}
	EndProjectSection
EndProject
Project("{8BC9CEB8-8B4A-11D0-8D11-00A0C91BC942}") = "movebase_node_dyn", "sample_nodes\movebase_node_dyn.vcxproj", "{1F43CA72-5687-3C1D-999F-32C8D8D0B7EA}"
	ProjectSection(ProjectDependencies) = postProject
		{C564F01B-FB3C-3A98-A09B-344AED41EF7F} = {C564F01B-FB3C-3A98-A09B-344AED41EF7F}
		{55355679-0D2E-33DE-BE46-E8B6A65B80ED} = {55355679-0D2E-33DE-BE46-E8B6A65B80ED}
	EndProjectSection
EndProject
Global
	GlobalSection(SolutionConfigurationPlatforms) = preSolution
		Debug|x64 = Debug|x64
		Release|x64 = Release|x64
	EndGlobalSection
	GlobalSection(ProjectConfigurationPlatforms) = postSolution
		{06331977-1F16-33E6-A246-9E3B8FC25CEE}.Debug|x64.ActiveCfg = Debug|x64
		{06331977-1F16-33E6-A246-9E3B8FC25CEE}.Debug|x64.Build.0 = Debug|x64
		{06331977-1F16-33E6-A246-9E3B8FC25CEE}.Release|x64.ActiveCfg = Release|x64
		{06331977-1F16-33E6-A246-9E3B8FC25CEE}.Release|x64.Build.0 = Release|x64
		{30872E9E-EB50-3CB8-80CE-8400B2272BCB}.Debug|x64.ActiveCfg = Debug|x64
		{30872E9E-EB50-3CB8-80CE-8400B2272BCB}.Release|x64.ActiveCfg = Release|x64
		{C564F01B-FB3C-3A98-A09B-344AED41EF7F}.Debug|x64.ActiveCfg = Debug|x64
		{C564F01B-FB3C-3A98-A09B-344AED41EF7F}.Debug|x64.Build.0 = Debug|x64
		{C564F01B-FB3C-3A98-A09B-344AED41EF7F}.Release|x64.ActiveCfg = Release|x64
		{C564F01B-FB3C-3A98-A09B-344AED41EF7F}.Release|x64.Build.0 = Release|x64
		{55355679-0D2E-33DE-BE46-E8B6A65B80ED}.Debug|x64.ActiveCfg = Debug|x64
		{55355679-0D2E-33DE-BE46-E8B6A65B80ED}.Debug|x64.Build.0 = Debug|x64
		{55355679-0D2E-33DE-BE46-E8B6A65B80ED}.Release|x64.ActiveCfg = Release|x64
		{55355679-0D2E-33DE-BE46-E8B6A65B80ED}.Release|x64.Build.0 = Release|x64
		{B8536AD5-0564-3E23-BF2B-09948F64B4DE}.Debug|x64.ActiveCfg = Debug|x64
		{B8536AD5-0564-3E23-BF2B-09948F64B4DE}.Debug|x64.Build.0 = Debug|x64
		{B8536AD5-0564-3E23-BF2B-09948F64B4DE}.Release|x64.ActiveCfg = Release|x64
		{B8536AD5-0564-3E23-BF2B-09948F64B4DE}.Release|x64.Build.0 = Release|x64
		{0B2D1738-FCEA-35EA-A342-CE044F47BF9E}.Debug|x64.ActiveCfg = Debug|x64
		{0B2D1738-FCEA-35EA-A342-CE044F47BF9E}.Debug|x64.Build.0 = Debug|x64
		{0B2D1738-FCEA-35EA-A342-CE044F47BF9E}.Release|x64.ActiveCfg = Release|x64
		{0B2D1738-FCEA-35EA-A342-CE044F47BF9E}.Release|x64.Build.0 = Release|x64
		{65BBB758-86A3-31AD-8A32-EB5F9FDA4989}.Debug|x64.ActiveCfg = Debug|x64
		{65BBB758-86A3-31AD-8A32-EB5F9FDA4989}.Debug|x64.Build.0 = Debug|x64
		{65BBB758-86A3-31AD-8A32-EB5F9FDA4989}.Release|x64.ActiveCfg = Release|x64
		{65BBB758-86A3-31AD-8A32-EB5F9FDA4989}.Release|x64.Build.0 = Release|x64
		{6D4A9A2F-8C7A-3B33-8D2C-7AFE44D2E4DB}.Debug|x64.ActiveCfg = Debug|x64
		{6D4A9A2F-8C7A-3B33-8D2C-7AFE44D2E4DB}.Debug|x64.Build.0 = Debug|x64
		{6D4A9A2F-8C7A-3B33-8D2C-7AFE44D2E4DB}.Release|x64.ActiveCfg = Release|x64
		{6D4A9A2F-8C7A-3B33-8D2C-7AFE44D2E4DB}.Release|x64.Build.0 = Release|x64
		{E46A134E-CE90-3C57-A235-E2CACFDD0BF8}.Debug|x64.ActiveCfg = Debug|x64
		{E46A134E-CE90-3C57-A235-E2CACFDD0BF8}.Debug|x64.Build.0 = Debug|x64
		{E46A134E-CE90-3C57-A235-E2CACFDD0BF8}.Release|x64.ActiveCfg = Release|x64
		{E46A134E-CE90-3C57-A235-E2CACFDD0BF8}.Release|x64.Build.0 = Release|x64
		{ECB2F0EF-69E0-3306-A71A-1DCE92BC4843}.Debug|x64.ActiveCfg = Debug|x64
		{ECB2F0EF-69E0-3306-A71A-1DCE92BC4843}.Debug|x64.Build.0 = Debug|x64
		{ECB2F0EF-69E0-3306-A71A-1DCE92BC4843}.Release|x64.ActiveCfg = Release|x64
		{ECB2F0EF-69E0-3306-A71A-1DCE92BC4843}.Release|x64.Build.0 = Release|x64
		{1F43CA72-5687-3C1D-999F-32C8D8D0B7EA}.Debug|x64.ActiveCfg = Debug|x64
		{1F43CA72-5687-3C1D-999F-32C8D8D0B7EA}.Debug|x64.Build.0 = Debug|x64
		{1F43CA72-5687-3C1D-999F-32C8D8D0B7EA}.Release|x64.ActiveCfg = Release|x64
		{1F43CA72-5687-3C1D-999F-32C8D8D0B7EA}.Release|x64.Build.0 = Release|x64
	EndGlobalSection
	GlobalSection(ExtensibilityGlobals) = postSolution
		SolutionGuid = {2B56F8E8-55E6-3212-9FFD-B6EE6826E1DD}
	EndGlobalSection
	GlobalSection(ExtensibilityAddIns) = postSolution
	EndGlobalSection
EndGlobal
