<?xml version="1.0" encoding="utf-8"?>
<Project ToolsVersion="17.0" xmlns="http://schemas.microsoft.com/developer/msbuild/2003">
  <ItemGroup>
    <ClCompile Include="$(SolutionDir)..\msvc\depend\BehaviorTree.CPP\sample_nodes\crossdoor_nodes_dyn_autogen\mocs_compilation_Debug.cpp">
      <Filter>Source Files</Filter>
    </ClCompile>
    <ClCompile Include="$(SolutionDir)..\depend\BehaviorTree.CPP\sample_nodes\crossdoor_nodes.cpp">
      <Filter>Source Files</Filter>
    </ClCompile>
    <ClCompile Include="$(SolutionDir)..\msvc\depend\BehaviorTree.CPP\sample_nodes\crossdoor_nodes_dyn_autogen\mocs_compilation_Release.cpp">
      <Filter>Source Files</Filter>
    </ClCompile>
  </ItemGroup>
  <ItemGroup>
    <CustomBuild Include="$(SolutionDir)..\depend\BehaviorTree.CPP\sample_nodes\CMakeLists.txt" />
  </ItemGroup>
  <ItemGroup>
    <Filter Include="Source Files">
      <UniqueIdentifier>{ADE526AF-D711-3B23-92B5-9A0409381F75}</UniqueIdentifier>
    </Filter>
  </ItemGroup>
</Project>
